
Microsoft Visual Studio Solution File, Format Version 12.00
# Visual Studio Version 17
VisualStudioVersion = 17.4.33122.133
MinimumVisualStudioVersion = 10.0.40219.1
Project("{FAE04EC0-301F-11D3-BF4B-00C04F79EFBC}") = "clase14s", "clase14s\clase14s.csproj", "{EA2D05AC-FE5E-4F84-AC0E-1AE4538FB7FF}"
EndProject
Global
	GlobalSection(SolutionConfigurationPlatforms) = preSolution
		Debug|Any CPU = Debug|Any CPU
		Release|Any CPU = Release|Any CPU
	EndGlobalSection
	GlobalSection(ProjectConfigurationPlatforms) = postSolution
		{EA2D05AC-FE5E-4F84-AC0E-1AE4538FB7FF}.Debug|Any CPU.ActiveCfg = Debug|Any CPU
		{EA2D05AC-FE5E-4F84-AC0E-1AE4538FB7FF}.Debug|Any CPU.Build.0 = Debug|Any CPU
		{EA2D05AC-FE5E-4F84-AC0E-1AE4538FB7FF}.Release|Any CPU.ActiveCfg = Release|Any CPU
		{EA2D05AC-FE5E-4F84-AC0E-1AE4538FB7FF}.Release|Any CPU.Build.0 = Release|Any CPU
	EndGlobalSection
	GlobalSection(SolutionProperties) = preSolution
		HideSolutionNode = FALSE
	EndGlobalSection
	GlobalSection(ExtensibilityGlobals) = postSolution
		SolutionGuid = {42EBDC6D-9B63-415B-A000-8BDFC4E064D8}
	EndGlobalSection
EndGlobal
