
Microsoft Visual Studio Solution File, Format Version 12.00
# Visual Studio Version 17
VisualStudioVersion = 17.4.33122.133
MinimumVisualStudioVersion = 10.0.40219.1
Project("{FAE04EC0-301F-11D3-BF4B-00C04F79EFBC}") = "PracticaSemana1", "PracticaSemana1\PracticaSemana1.csproj", "{26FBE63F-35EC-425B-84C5-D0ED26D5B2AA}"
EndProject
Global
	GlobalSection(SolutionConfigurationPlatforms) = preSolution
		Debug|Any CPU = Debug|Any CPU
		Release|Any CPU = Release|Any CPU
	EndGlobalSection
	GlobalSection(ProjectConfigurationPlatforms) = postSolution
		{26FBE63F-35EC-425B-84C5-D0ED26D5B2AA}.Debug|Any CPU.ActiveCfg = Debug|Any CPU
		{26FBE63F-35EC-425B-84C5-D0ED26D5B2AA}.Debug|Any CPU.Build.0 = Debug|Any CPU
		{26FBE63F-35EC-425B-84C5-D0ED26D5B2AA}.Release|Any CPU.ActiveCfg = Release|Any CPU
		{26FBE63F-35EC-425B-84C5-D0ED26D5B2AA}.Release|Any CPU.Build.0 = Release|Any CPU
	EndGlobalSection
	GlobalSection(SolutionProperties) = preSolution
		HideSolutionNode = FALSE
	EndGlobalSection
	GlobalSection(ExtensibilityGlobals) = postSolution
		SolutionGuid = {C7317613-A186-4625-880C-82985AE2DCDE}
	EndGlobalSection
EndGlobal
