
Microsoft Visual Studio Solution File, Format Version 12.00
# Visual Studio Version 17
VisualStudioVersion = 17.4.33122.133
MinimumVisualStudioVersion = 10.0.40219.1
Project("{FAE04EC0-301F-11D3-BF4B-00C04F79EFBC}") = "TiendaCalzado", "TiendaCalzado\TiendaCalzado.csproj", "{6DA6C577-72C9-4DBA-9639-06BD6326FD63}"
EndProject
Global
	GlobalSection(SolutionConfigurationPlatforms) = preSolution
		Debug|Any CPU = Debug|Any CPU
		Release|Any CPU = Release|Any CPU
	EndGlobalSection
	GlobalSection(ProjectConfigurationPlatforms) = postSolution
		{6DA6C577-72C9-4DBA-9639-06BD6326FD63}.Debug|Any CPU.ActiveCfg = Debug|Any CPU
		{6DA6C577-72C9-4DBA-9639-06BD6326FD63}.Debug|Any CPU.Build.0 = Debug|Any CPU
		{6DA6C577-72C9-4DBA-9639-06BD6326FD63}.Release|Any CPU.ActiveCfg = Release|Any CPU
		{6DA6C577-72C9-4DBA-9639-06BD6326FD63}.Release|Any CPU.Build.0 = Release|Any CPU
	EndGlobalSection
	GlobalSection(SolutionProperties) = preSolution
		HideSolutionNode = FALSE
	EndGlobalSection
	GlobalSection(ExtensibilityGlobals) = postSolution
		SolutionGuid = {BD38261F-0AFC-4699-ABAC-7FA69778C249}
	EndGlobalSection
EndGlobal
